
Microsoft Visual Studio Solution File, Format Version 12.00
Project("{2150E333-8FDC-42A3-9474-1A3956D46DE8}") = "src", "src", "{53AD07F7-25C8-4F0F-A551-4979D2DD08F3}"
EndProject
Project("{FAE04EC0-301F-11D3-BF4B-00C04F79EFBC}") = "Smartbot.Web", "src\Smartbot.Web\Smartbot.Web.csproj", "{AF54F49F-AFDD-4E46-A557-317C0577CE1C}"
EndProject
Project("{2150E333-8FDC-42A3-9474-1A3956D46DE8}") = "Build", "Build", "{FEBE6CF1-C740-4B1F-9236-7DDECBFFF756}"
ProjectSection(SolutionItems) = preProject
	Directory.Build.targets = Directory.Build.targets
	Smartbot.Dockerfile = Smartbot.Dockerfile
EndProjectSection
EndProject
Global
	GlobalSection(SolutionConfigurationPlatforms) = preSolution
		Debug|Any CPU = Debug|Any CPU
		Release|Any CPU = Release|Any CPU
	EndGlobalSection
	GlobalSection(ProjectConfigurationPlatforms) = postSolution
		{AF54F49F-AFDD-4E46-A557-317C0577CE1C}.Debug|Any CPU.ActiveCfg = Debug|Any CPU
		{AF54F49F-AFDD-4E46-A557-317C0577CE1C}.Debug|Any CPU.Build.0 = Debug|Any CPU
		{AF54F49F-AFDD-4E46-A557-317C0577CE1C}.Release|Any CPU.ActiveCfg = Release|Any CPU
		{AF54F49F-AFDD-4E46-A557-317C0577CE1C}.Release|Any CPU.Build.0 = Release|Any CPU
	EndGlobalSection
	GlobalSection(NestedProjects) = preSolution
		{AF54F49F-AFDD-4E46-A557-317C0577CE1C} = {53AD07F7-25C8-4F0F-A551-4979D2DD08F3}
	EndGlobalSection
EndGlobal
