
Microsoft Visual Studio Solution File, Format Version 12.00
Project("{2150E333-8FDC-42A3-9474-1A3956D46DE8}") = "src", "src", "{53AD07F7-25C8-4F0F-A551-4979D2DD08F3}"
EndProject
Project("{2150E333-8FDC-42A3-9474-1A3956D46DE8}") = "test", "test", "{ED8E20FC-B173-40FF-B447-D74B58FC27C6}"
EndProject
Project("{FAE04EC0-301F-11D3-BF4B-00C04F79EFBC}") = "Smartbot.Tests", "test\Smartbot.Tests\Smartbot.Tests.csproj", "{44E65F6B-A3FA-4601-AC2D-D4E090897839}"
EndProject
Project("{FAE04EC0-301F-11D3-BF4B-00C04F79EFBC}") = "Slackbot.Net.Extensions.Smartbot.Worker", "src\Slackbot.Net.Extensions.Smartbot.Worker\Slackbot.Net.Extensions.Smartbot.Worker.csproj", "{9D4B090C-EE89-4C7B-AF11-85BD2B4E77D1}"
EndProject
Project("{FAE04EC0-301F-11D3-BF4B-00C04F79EFBC}") = "Smartbot.Web", "src\Smartbot.Web\Smartbot.Web.csproj", "{AF54F49F-AFDD-4E46-A557-317C0577CE1C}"
EndProject
Project("{FAE04EC0-301F-11D3-BF4B-00C04F79EFBC}") = "Smartbot.Data", "src\Smartbot.Data\Smartbot.Data.csproj", "{D136FBE7-45CF-44D2-BD49-7CA667FDC8C6}"
EndProject
Project("{2150E333-8FDC-42A3-9474-1A3956D46DE8}") = "Build", "Build", "{FEBE6CF1-C740-4B1F-9236-7DDECBFFF756}"
ProjectSection(SolutionItems) = preProject
	Directory.Build.targets = Directory.Build.targets
	Smartbot.Dockerfile = Smartbot.Dockerfile
EndProjectSection
EndProject
Global
	GlobalSection(SolutionConfigurationPlatforms) = preSolution
		Debug|Any CPU = Debug|Any CPU
		Release|Any CPU = Release|Any CPU
	EndGlobalSection
	GlobalSection(ProjectConfigurationPlatforms) = postSolution
		{44E65F6B-A3FA-4601-AC2D-D4E090897839}.Debug|Any CPU.ActiveCfg = Debug|Any CPU
		{44E65F6B-A3FA-4601-AC2D-D4E090897839}.Debug|Any CPU.Build.0 = Debug|Any CPU
		{44E65F6B-A3FA-4601-AC2D-D4E090897839}.Release|Any CPU.ActiveCfg = Release|Any CPU
		{44E65F6B-A3FA-4601-AC2D-D4E090897839}.Release|Any CPU.Build.0 = Release|Any CPU
		{9D4B090C-EE89-4C7B-AF11-85BD2B4E77D1}.Debug|Any CPU.ActiveCfg = Debug|Any CPU
		{9D4B090C-EE89-4C7B-AF11-85BD2B4E77D1}.Debug|Any CPU.Build.0 = Debug|Any CPU
		{9D4B090C-EE89-4C7B-AF11-85BD2B4E77D1}.Release|Any CPU.ActiveCfg = Release|Any CPU
		{9D4B090C-EE89-4C7B-AF11-85BD2B4E77D1}.Release|Any CPU.Build.0 = Release|Any CPU
		{AF54F49F-AFDD-4E46-A557-317C0577CE1C}.Debug|Any CPU.ActiveCfg = Debug|Any CPU
		{AF54F49F-AFDD-4E46-A557-317C0577CE1C}.Debug|Any CPU.Build.0 = Debug|Any CPU
		{AF54F49F-AFDD-4E46-A557-317C0577CE1C}.Release|Any CPU.ActiveCfg = Release|Any CPU
		{AF54F49F-AFDD-4E46-A557-317C0577CE1C}.Release|Any CPU.Build.0 = Release|Any CPU
		{D136FBE7-45CF-44D2-BD49-7CA667FDC8C6}.Debug|Any CPU.ActiveCfg = Debug|Any CPU
		{D136FBE7-45CF-44D2-BD49-7CA667FDC8C6}.Debug|Any CPU.Build.0 = Debug|Any CPU
		{D136FBE7-45CF-44D2-BD49-7CA667FDC8C6}.Release|Any CPU.ActiveCfg = Release|Any CPU
		{D136FBE7-45CF-44D2-BD49-7CA667FDC8C6}.Release|Any CPU.Build.0 = Release|Any CPU
	EndGlobalSection
	GlobalSection(NestedProjects) = preSolution
		{44E65F6B-A3FA-4601-AC2D-D4E090897839} = {ED8E20FC-B173-40FF-B447-D74B58FC27C6}
		{9D4B090C-EE89-4C7B-AF11-85BD2B4E77D1} = {53AD07F7-25C8-4F0F-A551-4979D2DD08F3}
		{AF54F49F-AFDD-4E46-A557-317C0577CE1C} = {53AD07F7-25C8-4F0F-A551-4979D2DD08F3}
		{D136FBE7-45CF-44D2-BD49-7CA667FDC8C6} = {53AD07F7-25C8-4F0F-A551-4979D2DD08F3}
	EndGlobalSection
EndGlobal
